{
  "requires": true,
  "lockfileVersion": 1,
  "dependencies": {
    "@ionic-native/document-viewer": {
      "version": "5.0.0",
      "resolved": "https://registry.npmjs.org/@ionic-native/document-viewer/-/document-viewer-5.0.0.tgz",
      "integrity": "sha512-gQR82ZqA794xIXQng7KoG8vcl8tBGPaNZyxcLAc0nfa5KEgiMXkUncmr9QZznxiF7Rk2Vehma53ORbHEswLtCQ==",
      "requires": {
        "@types/cordova": "^0.0.34"
      }
    },
    "@ionic-native/file": {
      "version": "5.0.0",
      "resolved": "https://registry.npmjs.org/@ionic-native/file/-/file-5.0.0.tgz",
      "integrity": "sha512-H5dONzM2RM6OUxRR3myRKIiPFGN8Ve+/UltDpVsyUIh8EglBO2joY3AXpcc/PFDGBdpeSaWZOJ0NAOy3+JDunQ==",
      "requires": {
        "@types/cordova": "^0.0.34"
      }
    },
    "@ionic-native/file-opener": {
      "version": "5.0.0",
      "resolved": "https://registry.npmjs.org/@ionic-native/file-opener/-/file-opener-5.0.0.tgz",
      "integrity": "sha512-c8fQClneDkk8MlOPS6HRo0UIvszWUF++3KRVSymlVEJsW4rh0jl2KIvcsvMtpHYQW/z4nShZtYqADyS28rsAQw==",
      "requires": {
        "@types/cordova": "^0.0.34"
      }
    },
    "@ionic-native/file-transfer": {
      "version": "5.0.0",
      "resolved": "https://registry.npmjs.org/@ionic-native/file-transfer/-/file-transfer-5.0.0.tgz",
      "integrity": "sha512-XkdSmU/GW4eS7rs2yTQUr50Dl3xSZs75+CCNdu2IY1UJkbNChrvHPLNYAFw6IxMdiJo3Y15dHt2Cd0SVppYi3g==",
      "requires": {
        "@types/cordova": "^0.0.34"
      }
    },
    "@types/cordova": {
      "version": "0.0.34",
      "resolved": "https://registry.npmjs.org/@types/cordova/-/cordova-0.0.34.tgz",
      "integrity": "sha1-6nrd907Ow9dimCegw54smt3HPQQ="
    }
  }
}
